{
    "_readme": [
        "This file locks the dependencies of your project to a known state",
        "Read more about it at https://getcomposer.org/doc/01-basic-usage.md#composer-lock-the-lock-file",
        "This file is @generated automatically"
    ],
    "hash": "636718b37f64b47f557ba94d296f9560",
    "content-hash": "64f9cf66f0737e0187ba0a55a5286047",
    "packages": [
        {
            "name": "jasongrimes/paginator",
            "version": "1.0.2",
            "source": {
                "type": "git",
                "url": "https://github.com/jasongrimes/php-paginator.git",
                "reference": "8b18245b8a9dbdf69918ebd1e1f4a229a06030cd"
            },
            "dist": {
                "type": "zip",
                "url": "https://packagist.phpcomposer.com/files/jasongrimes/php-paginator/8b18245b8a9dbdf69918ebd1e1f4a229a06030cd.zip",
                "reference": "8b18245b8a9dbdf69918ebd1e1f4a229a06030cd",
                "shasum": ""
            },
            "require": {
                "php": ">=5.3.0"
            },
            "require-dev": {
                "phpunit/phpunit": "~4.2"
            },
            "type": "library",
            "autoload": {
                "psr-0": {
                    "JasonGrimes": "src/"
                }
            },
            "notification-url": "https://packagist.org/downloads/",
            "license": [
                "MIT"
            ],
            "authors": [
                {
                    "name": "Jason Grimes",
                    "email": "jason@grimesit.com"
                }
            ],
            "description": "A lightweight PHP paginator, for generating pagination controls in the style of Stack Overflow and Flickr. The 'first' and 'last' page links are shown inline as page numbers, and excess page numbers are replaced by ellipses.",
            "homepage": "http://github.com/jasongrimes/php-paginator",
            "keywords": [
                "pager",
                "pagination",
                "paginator"
            ],
            "time": "2015-10-15 09:42:44"
        },
        {
            "name": "monolog/monolog",
            "version": "1.22.1",
            "source": {
                "type": "git",
                "url": "https://github.com/Seldaek/monolog.git",
                "reference": "1e044bc4b34e91743943479f1be7a1d5eb93add0"
            },
            "dist": {
                "type": "zip",
                "url": "https://files.phpcomposer.com/files/Seldaek/monolog/1e044bc4b34e91743943479f1be7a1d5eb93add0.zip",
                "reference": "1e044bc4b34e91743943479f1be7a1d5eb93add0",
                "shasum": ""
            },
            "require": {
                "php": ">=5.3.0",
                "psr/log": "~1.0"
            },
            "provide": {
                "psr/log-implementation": "1.0.0"
            },
            "require-dev": {
                "aws/aws-sdk-php": "^2.4.9 || ^3.0",
                "doctrine/couchdb": "~1.0@dev",
                "graylog2/gelf-php": "~1.0",
                "jakub-onderka/php-parallel-lint": "0.9",
                "php-amqplib/php-amqplib": "~2.4",
                "php-console/php-console": "^3.1.3",
                "phpunit/phpunit": "~4.5",
                "phpunit/phpunit-mock-objects": "2.3.0",
                "ruflin/elastica": ">=0.90 <3.0",
                "sentry/sentry": "^0.13",
                "swiftmailer/swiftmailer": "~5.3"
            },
            "suggest": {
                "aws/aws-sdk-php": "Allow sending log messages to AWS services like DynamoDB",
                "doctrine/couchdb": "Allow sending log messages to a CouchDB server",
                "ext-amqp": "Allow sending log messages to an AMQP server (1.0+ required)",
                "ext-mongo": "Allow sending log messages to a MongoDB server",
                "graylog2/gelf-php": "Allow sending log messages to a GrayLog2 server",
                "mongodb/mongodb": "Allow sending log messages to a MongoDB server via PHP Driver",
                "php-amqplib/php-amqplib": "Allow sending log messages to an AMQP server using php-amqplib",
                "php-console/php-console": "Allow sending log messages to Google Chrome",
                "rollbar/rollbar": "Allow sending log messages to Rollbar",
                "ruflin/elastica": "Allow sending log messages to an Elastic Search server",
                "sentry/sentry": "Allow sending log messages to a Sentry server"
            },
            "type": "library",
            "extra": {
                "branch-alias": {
                    "dev-master": "2.0.x-dev"
                }
            },
            "autoload": {
                "psr-4": {
                    "Monolog\\": "src/Monolog"
                }
            },
            "notification-url": "https://packagist.org/downloads/",
            "license": [
                "MIT"
            ],
            "authors": [
                {
                    "name": "Jordi Boggiano",
                    "email": "j.boggiano@seld.be",
                    "homepage": "http://seld.be"
                }
            ],
            "description": "Sends your logs to files, sockets, inboxes, databases and various web services",
            "homepage": "http://github.com/Seldaek/monolog",
            "keywords": [
                "log",
                "logging",
                "psr-3"
            ],
            "time": "2017-03-13 07:08:03"
        },
        {
            "name": "overtrue/pinyin",
            "version": "3.0.5",
            "source": {
                "type": "git",
                "url": "https://github.com/overtrue/pinyin.git",
                "reference": "590fd5820d65c3967d33b4d0dc114b893d0a1168"
            },
            "dist": {
                "type": "zip",
                "url": "https://files.phpcomposer.com/files/overtrue/pinyin/590fd5820d65c3967d33b4d0dc114b893d0a1168.zip",
                "reference": "590fd5820d65c3967d33b4d0dc114b893d0a1168",
                "shasum": ""
            },
            "require": {
                "php": ">=5.3"
            },
            "require-dev": {
                "phpunit/phpunit": "~4.8"
            },
            "type": "library",
            "autoload": {
                "psr-4": {
                    "Overtrue\\Pinyin\\": "src/"
                }
            },
            "notification-url": "https://packagist.org/downloads/",
            "license": [
                "MIT"
            ],
            "authors": [
                {
                    "name": "Carlos",
                    "homepage": "http://github.com/overtrue"
                }
            ],
            "description": "Chinese to pinyin translator.",
            "homepage": "https://github.com/overtrue/pinyin",
            "keywords": [
                "Chinese",
                "Pinyin",
                "cn2pinyin"
            ],
            "time": "2017-02-27 02:31:58"
        },
        {
            "name": "predis/predis",
            "version": "v1.1.1",
            "source": {
                "type": "git",
                "url": "https://github.com/nrk/predis.git",
                "reference": "f0210e38881631afeafb56ab43405a92cafd9fd1"
            },
            "dist": {
                "type": "zip",
                "url": "https://api.github.com/repos/nrk/predis/zipball/f0210e38881631afeafb56ab43405a92cafd9fd1",
                "reference": "f0210e38881631afeafb56ab43405a92cafd9fd1",
                "shasum": ""
            },
            "require": {
                "php": ">=5.3.9"
            },
            "require-dev": {
                "phpunit/phpunit": "~4.8"
            },
            "suggest": {
                "ext-curl": "Allows access to Webdis when paired with phpiredis",
                "ext-phpiredis": "Allows faster serialization and deserialization of the Redis protocol"
            },
            "type": "library",
            "autoload": {
                "psr-4": {
                    "Predis\\": "src/"
                }
            },
            "notification-url": "https://packagist.org/downloads/",
            "license": [
                "MIT"
            ],
            "authors": [
                {
                    "name": "Daniele Alessandri",
                    "email": "suppakilla@gmail.com",
                    "homepage": "http://clorophilla.net"
                }
            ],
            "description": "Flexible and feature-complete Redis client for PHP and HHVM",
            "homepage": "http://github.com/nrk/predis",
            "keywords": [
                "nosql",
                "predis",
                "redis"
            ],
            "time": "2016-06-16 16:22:20"
        },
        {
            "name": "psr/cache",
            "version": "1.0.1",
            "source": {
                "type": "git",
                "url": "https://github.com/php-fig/cache.git",
                "reference": "d11b50ad223250cf17b86e38383413f5a6764bf8"
            },
            "dist": {
                "type": "zip",
                "url": "https://api.github.com/repos/php-fig/cache/zipball/d11b50ad223250cf17b86e38383413f5a6764bf8",
                "reference": "d11b50ad223250cf17b86e38383413f5a6764bf8",
                "shasum": ""
            },
            "require": {
                "php": ">=5.3.0"
            },
            "type": "library",
            "extra": {
                "branch-alias": {
                    "dev-master": "1.0.x-dev"
                }
            },
            "autoload": {
                "psr-4": {
                    "Psr\\Cache\\": "src/"
                }
            },
            "notification-url": "https://packagist.org/downloads/",
            "license": [
                "MIT"
            ],
            "authors": [
                {
                    "name": "PHP-FIG",
                    "homepage": "http://www.php-fig.org/"
                }
            ],
            "description": "Common interface for caching libraries",
            "keywords": [
                "cache",
                "psr",
                "psr-6"
            ],
            "time": "2016-08-06 20:24:11"
        },
        {
            "name": "psr/log",
            "version": "1.0.2",
            "source": {
                "type": "git",
                "url": "https://github.com/php-fig/log.git",
                "reference": "4ebe3a8bf773a19edfe0a84b6585ba3d401b724d"
            },
            "dist": {
                "type": "zip",
                "url": "https://api.github.com/repos/php-fig/log/zipball/4ebe3a8bf773a19edfe0a84b6585ba3d401b724d",
                "reference": "4ebe3a8bf773a19edfe0a84b6585ba3d401b724d",
                "shasum": ""
            },
            "require": {
                "php": ">=5.3.0"
            },
            "type": "library",
            "extra": {
                "branch-alias": {
                    "dev-master": "1.0.x-dev"
                }
            },
            "autoload": {
                "psr-4": {
                    "Psr\\Log\\": "Psr/Log/"
                }
            },
            "notification-url": "https://packagist.org/downloads/",
            "license": [
                "MIT"
            ],
            "authors": [
                {
                    "name": "PHP-FIG",
                    "homepage": "http://www.php-fig.org/"
                }
            ],
            "description": "Common interface for logging libraries",
            "homepage": "https://github.com/php-fig/log",
            "keywords": [
                "log",
                "psr",
                "psr-3"
            ],
            "time": "2016-10-10 12:19:37"
        },
        {
            "name": "zilf/debugbar",
            "version": "v1.15.1",
            "source": {
                "type": "git",
                "url": "https://github.com/txj123/debugbar.git",
                "reference": "87104088f004fe07b6182871baf5b733b8c1b629"
            },
            "dist": {
                "type": "zip",
                "url": "https://api.github.com/repos/txj123/debugbar/zipball/87104088f004fe07b6182871baf5b733b8c1b629",
                "reference": "87104088f004fe07b6182871baf5b733b8c1b629",
                "shasum": ""
            },
            "require": {
                "php": ">=5.3.0",
                "psr/log": "^1.0",
                "zilf/var-dumper": "^2.6|^3.0"
            },
            "require-dev": {
                "phpunit/phpunit": "^4.0|^5.0"
            },
            "suggest": {
                "monolog/monolog": "Log using Monolog",
                "predis/predis": "Redis storage"
            },
            "type": "library",
            "autoload": {
                "psr-4": {
                    "DebugBar\\": "src/DebugBar/"
                }
            },
            "notification-url": "https://packagist.org/downloads/",
            "license": [
                "MIT"
            ],
            "authors": [
                {
                    "name": "lilei",
                    "email": "597196313@qq.com"
                }
            ],
            "description": "Debug bar in the browser for php application",
            "keywords": [
                "debug",
                "debugbar"
            ],
            "time": "2016-11-07 09:08:36"
        },
        {
            "name": "zilf/polyfill-mbstring",
            "version": "v1.0",
            "source": {
                "type": "git",
                "url": "https://github.com/txj123/polyfill-mbstring.git",
                "reference": "a2da59ce62a7a21254ae6ea46926496ffdde70f9"
            },
            "dist": {
                "type": "zip",
                "url": "https://api.github.com/repos/txj123/polyfill-mbstring/zipball/a2da59ce62a7a21254ae6ea46926496ffdde70f9",
                "reference": "a2da59ce62a7a21254ae6ea46926496ffdde70f9",
                "shasum": ""
            },
            "require": {
                "php": ">=5.3.3"
            },
            "suggest": {
                "ext-mbstring": "For best performance"
            },
            "type": "library",
            "autoload": {
                "psr-4": {
                    "Zilf\\Polyfill\\Mbstring\\": ""
                },
                "files": [
                    "bootstrap.php"
                ]
            },
            "notification-url": "https://packagist.org/downloads/",
            "license": [
                "MIT"
            ],
            "authors": [
                {
                    "name": "lilei",
                    "email": "597196313@qq.com"
                }
            ],
            "description": "Zilf polyfill for the Mbstring extension",
            "time": "2016-11-05 02:16:18"
        },
        {
            "name": "zilf/var-dumper",
            "version": "v2.6",
            "source": {
                "type": "git",
                "url": "https://github.com/txj123/var-dumper.git",
                "reference": "32e63cc8466947a8e9fa0811f383737b5f72e1a5"
            },
            "dist": {
                "type": "zip",
                "url": "https://api.github.com/repos/txj123/var-dumper/zipball/32e63cc8466947a8e9fa0811f383737b5f72e1a5",
                "reference": "32e63cc8466947a8e9fa0811f383737b5f72e1a5",
                "shasum": ""
            },
            "require": {
                "php": ">=5.5.9",
                "zilf/polyfill-mbstring": "~1.0"
            },
            "type": "library",
            "autoload": {
                "files": [
                    "Resources/functions/dump.php"
                ],
                "psr-4": {
                    "Zilf\\VarDumper\\": ""
                },
                "exclude-from-classmap": [
                    "/Tests/"
                ]
            },
            "notification-url": "https://packagist.org/downloads/",
            "license": [
                "MIT"
            ],
            "authors": [
                {
                    "name": "lilei",
                    "email": "597196313@qq.com"
                }
            ],
            "description": "Zilf mechanism for exploring and dumping PHP variables",
            "keywords": [
                "debug",
                "dump"
            ],
            "time": "2016-11-05 02:22:54"
        },
        {
            "name": "zilf/zilf",
            "version": "v1.2.0-alpha",
            "source": {
                "type": "git",
                "url": "https://github.com/txj123/zilf.git",
                "reference": "a32c250c17f842404635c300d2eb01d46e0187a0"
            },
            "dist": {
                "type": "zip",
                "url": "https://files.phpcomposer.com/files/txj123/zilf/a32c250c17f842404635c300d2eb01d46e0187a0.zip",
                "reference": "a32c250c17f842404635c300d2eb01d46e0187a0",
                "shasum": ""
            },
            "require": {
                "monolog/monolog": "~1.21",
                "php": ">=5.5.9",
                "psr/cache": "~1.0",
                "psr/log": "~1.0",
                "zilf/polyfill-mbstring": "~1.0"
            },
            "type": "library",
            "autoload": {
                "files": [
                    "src/Zilf/DataCrawler/PhpQuery/phpQuery.php"
                ],
                "psr-4": {
                    "Zilf\\": "src/Zilf"
                }
            },
            "notification-url": "https://packagist.org/downloads/",
            "license": [
                "MIT"
            ],
            "authors": [
                {
                    "name": "lilei",
                    "email": "597196313@qq.com"
                }
            ],
            "description": "Zilf PHP Framework",
            "time": "2017-03-25 02:30:40"
        }
    ],
    "packages-dev": [],
    "aliases": [],
    "minimum-stability": "stable",
    "stability-flags": {
        "zilf/zilf": 15
    },
    "prefer-stable": false,
    "prefer-lowest": false,
    "platform": {
        "php": ">=5.5.9"
    },
    "platform-dev": []
}
